
Microsoft Visual Studio Solution File, Format Version 12.00
# Visual Studio 2012
Project("{2150E333-8FDC-42A3-9474-1A3956D46DE8}") = "1. Injection", "1. Injection", "{6A4E3A91-8F90-4BBB-9FE9-B81A96A614CB}"
EndProject
Project("{2150E333-8FDC-42A3-9474-1A3956D46DE8}") = "2. XSS", "2. XSS", "{9867CDE2-3F4B-4C25-9208-31733774F203}"
EndProject
Project("{2150E333-8FDC-42A3-9474-1A3956D46DE8}") = "3. CSRF", "3. CSRF", "{336D3420-CFF1-4E23-B761-979120E58A02}"
EndProject
Project("{FAE04EC0-301F-11D3-BF4B-00C04F79EFBC}") = "InjectionSQL", "InjectionSQL\InjectionSQL.csproj", "{A7B28FFA-8B12-414F-A3F3-17A001935A8F}"
EndProject
Project("{FAE04EC0-301F-11D3-BF4B-00C04F79EFBC}") = "InjectionXPath", "InjectionXPath\InjectionXPath.csproj", "{1354B638-DAA9-4C41-BD45-6A9E857560B9}"
EndProject
Project("{2150E333-8FDC-42A3-9474-1A3956D46DE8}") = "1", "1", "{73746894-3918-482C-A4FB-6743018C77D1}"
EndProject
Project("{2150E333-8FDC-42A3-9474-1A3956D46DE8}") = "3", "3", "{C2B0CF24-7E6D-460F-A208-42DEA330ED2B}"
EndProject
Project("{2150E333-8FDC-42A3-9474-1A3956D46DE8}") = "2", "2", "{C446F9E6-CB37-4273-BBB1-D1565E5A6490}"
EndProject
Project("{2150E333-8FDC-42A3-9474-1A3956D46DE8}") = "5. InsecuredObjRef", "5. InsecuredObjRef", "{28558F88-77A5-4594-B679-70FCBA255448}"
EndProject
Project("{2150E333-8FDC-42A3-9474-1A3956D46DE8}") = "1", "1", "{4A2EC74F-67B4-45E7-BD28-596F750E4BD7}"
EndProject
Project("{FAE04EC0-301F-11D3-BF4B-00C04F79EFBC}") = "FileDownloadHandler", "FileDownloadHandler\FileDownloadHandler.csproj", "{23FC7FB5-1345-477D-81FA-AF87B1CD8E28}"
EndProject
Project("{2150E333-8FDC-42A3-9474-1A3956D46DE8}") = "4. Security Misconfiguration", "4. Security Misconfiguration", "{735169E6-FFD0-4E99-96A8-03E52EF93E7A}"
EndProject
Project("{2150E333-8FDC-42A3-9474-1A3956D46DE8}") = "1", "1", "{D6C713AD-B1B9-4A87-9E35-89C1424DBD6A}"
EndProject
Project("{FAE04EC0-301F-11D3-BF4B-00C04F79EFBC}") = "RemoteFileInclusion", "RemoteFileInclusion\RemoteFileInclusion.csproj", "{D740FEE2-EC9D-4975-86EA-9B1DDC458DF4}"
EndProject
Project("{2150E333-8FDC-42A3-9474-1A3956D46DE8}") = "_Other", "_Other", "{AB2E64C3-1A89-4179-9521-D1C6A2AAD44C}"
EndProject
Project("{2150E333-8FDC-42A3-9474-1A3956D46DE8}") = "FilesForUpload", "FilesForUpload", "{F5A9D054-509A-45F1-95F6-B021295DCA83}"
EndProject
Project("{2150E333-8FDC-42A3-9474-1A3956D46DE8}") = "ASP", "ASP", "{11902777-5DCB-4A90-883A-EB06590E4356}"
	ProjectSection(SolutionItems) = preProject
		_Other\FilesForUpload\ASP\print-cwd.asp = _Other\FilesForUpload\ASP\print-cwd.asp
		_Other\FilesForUpload\ASP\print-session.asp = _Other\FilesForUpload\ASP\print-session.asp
	EndProjectSection
EndProject
Project("{2150E333-8FDC-42A3-9474-1A3956D46DE8}") = "ASPNET", "ASPNET", "{38C50F45-AA77-4986-AB31-E5C332A9469A}"
	ProjectSection(SolutionItems) = preProject
		_Other\FilesForUpload\ASPX\print-session.aspx = _Other\FilesForUpload\ASPX\print-session.aspx
	EndProjectSection
EndProject
Project("{2150E333-8FDC-42A3-9474-1A3956D46DE8}") = "PHP", "PHP", "{9400AE1C-0AAB-4849-8C1F-679AA3F81434}"
	ProjectSection(SolutionItems) = preProject
		_Other\FilesForUpload\PHP\print-cwd.php = _Other\FilesForUpload\PHP\print-cwd.php
		_Other\FilesForUpload\PHP\print-session.php = _Other\FilesForUpload\PHP\print-session.php
	EndProjectSection
EndProject
Project("{2150E333-8FDC-42A3-9474-1A3956D46DE8}") = "0. Session Hijacking", "0. Session Hijacking", "{5E9BD492-2D52-41AA-A652-943DF4935494}"
EndProject
Project("{FAE04EC0-301F-11D3-BF4B-00C04F79EFBC}") = "SessionHijack", "SessionHijack\SessionHijack.csproj", "{BF3FC6BD-B195-4868-979E-A1957279A97D}"
EndProject
Project("{FAE04EC0-301F-11D3-BF4B-00C04F79EFBC}") = "InjectionLINQ", "InjectionLINQ\InjectionLINQ.csproj", "{D0A809A1-E19D-4666-BFB3-CA5AF68C21F0}"
EndProject
Project("{2150E333-8FDC-42A3-9474-1A3956D46DE8}") = "1", "1", "{D2963887-8F45-49AC-8523-E571C11BB131}"
EndProject
Project("{FAE04EC0-301F-11D3-BF4B-00C04F79EFBC}") = "XSSReflected", "XSSReflected\XSSReflected.csproj", "{C65442E1-FFFC-44D7-AADF-1C4F89E96560}"
EndProject
Project("{2150E333-8FDC-42A3-9474-1A3956D46DE8}") = "3", "3", "{D75EB816-72F3-4EE7-8332-C7F451E6A618}"
EndProject
Project("{FAE04EC0-301F-11D3-BF4B-00C04F79EFBC}") = "XSSStored", "XSSStored\XSSStored.csproj", "{71F8E7F4-1FED-4C9B-AF22-42CF851608C6}"
EndProject
Project("{2150E333-8FDC-42A3-9474-1A3956D46DE8}") = "1", "1", "{ACF77019-951C-4A6E-AF59-E29312E67F36}"
EndProject
Project("{FAE04EC0-301F-11D3-BF4B-00C04F79EFBC}") = "CSRFStatusUpdate", "CSRF_StatusUpdate\CSRFStatusUpdate.csproj", "{779F5D7F-A178-4D01-984A-5AA0C26956C6}"
EndProject
Project("{FAE04EC0-301F-11D3-BF4B-00C04F79EFBC}") = "EvilSite", "_Other\EvilSite\EvilSite.csproj", "{5A361E27-E0C3-4C67-8EDC-3607FAB1EDCF}"
EndProject
Global
	GlobalSection(SolutionConfigurationPlatforms) = preSolution
		Debug|Any CPU = Debug|Any CPU
		Release|Any CPU = Release|Any CPU
	EndGlobalSection
	GlobalSection(ProjectConfigurationPlatforms) = postSolution
		{A7B28FFA-8B12-414F-A3F3-17A001935A8F}.Debug|Any CPU.ActiveCfg = Debug|Any CPU
		{A7B28FFA-8B12-414F-A3F3-17A001935A8F}.Debug|Any CPU.Build.0 = Debug|Any CPU
		{A7B28FFA-8B12-414F-A3F3-17A001935A8F}.Release|Any CPU.ActiveCfg = Release|Any CPU
		{A7B28FFA-8B12-414F-A3F3-17A001935A8F}.Release|Any CPU.Build.0 = Release|Any CPU
		{1354B638-DAA9-4C41-BD45-6A9E857560B9}.Debug|Any CPU.ActiveCfg = Debug|Any CPU
		{1354B638-DAA9-4C41-BD45-6A9E857560B9}.Debug|Any CPU.Build.0 = Debug|Any CPU
		{1354B638-DAA9-4C41-BD45-6A9E857560B9}.Release|Any CPU.ActiveCfg = Release|Any CPU
		{1354B638-DAA9-4C41-BD45-6A9E857560B9}.Release|Any CPU.Build.0 = Release|Any CPU
		{23FC7FB5-1345-477D-81FA-AF87B1CD8E28}.Debug|Any CPU.ActiveCfg = Debug|Any CPU
		{23FC7FB5-1345-477D-81FA-AF87B1CD8E28}.Debug|Any CPU.Build.0 = Debug|Any CPU
		{23FC7FB5-1345-477D-81FA-AF87B1CD8E28}.Release|Any CPU.ActiveCfg = Release|Any CPU
		{23FC7FB5-1345-477D-81FA-AF87B1CD8E28}.Release|Any CPU.Build.0 = Release|Any CPU
		{D740FEE2-EC9D-4975-86EA-9B1DDC458DF4}.Debug|Any CPU.ActiveCfg = Debug|Any CPU
		{D740FEE2-EC9D-4975-86EA-9B1DDC458DF4}.Debug|Any CPU.Build.0 = Debug|Any CPU
		{D740FEE2-EC9D-4975-86EA-9B1DDC458DF4}.Release|Any CPU.ActiveCfg = Release|Any CPU
		{D740FEE2-EC9D-4975-86EA-9B1DDC458DF4}.Release|Any CPU.Build.0 = Release|Any CPU
		{BF3FC6BD-B195-4868-979E-A1957279A97D}.Debug|Any CPU.ActiveCfg = Debug|Any CPU
		{BF3FC6BD-B195-4868-979E-A1957279A97D}.Debug|Any CPU.Build.0 = Debug|Any CPU
		{BF3FC6BD-B195-4868-979E-A1957279A97D}.Release|Any CPU.ActiveCfg = Release|Any CPU
		{BF3FC6BD-B195-4868-979E-A1957279A97D}.Release|Any CPU.Build.0 = Release|Any CPU
		{D0A809A1-E19D-4666-BFB3-CA5AF68C21F0}.Debug|Any CPU.ActiveCfg = Debug|Any CPU
		{D0A809A1-E19D-4666-BFB3-CA5AF68C21F0}.Debug|Any CPU.Build.0 = Debug|Any CPU
		{D0A809A1-E19D-4666-BFB3-CA5AF68C21F0}.Release|Any CPU.ActiveCfg = Release|Any CPU
		{D0A809A1-E19D-4666-BFB3-CA5AF68C21F0}.Release|Any CPU.Build.0 = Release|Any CPU
		{C65442E1-FFFC-44D7-AADF-1C4F89E96560}.Debug|Any CPU.ActiveCfg = Debug|Any CPU
		{C65442E1-FFFC-44D7-AADF-1C4F89E96560}.Debug|Any CPU.Build.0 = Debug|Any CPU
		{C65442E1-FFFC-44D7-AADF-1C4F89E96560}.Release|Any CPU.ActiveCfg = Release|Any CPU
		{C65442E1-FFFC-44D7-AADF-1C4F89E96560}.Release|Any CPU.Build.0 = Release|Any CPU
		{71F8E7F4-1FED-4C9B-AF22-42CF851608C6}.Debug|Any CPU.ActiveCfg = Debug|Any CPU
		{71F8E7F4-1FED-4C9B-AF22-42CF851608C6}.Debug|Any CPU.Build.0 = Debug|Any CPU
		{71F8E7F4-1FED-4C9B-AF22-42CF851608C6}.Release|Any CPU.ActiveCfg = Release|Any CPU
		{71F8E7F4-1FED-4C9B-AF22-42CF851608C6}.Release|Any CPU.Build.0 = Release|Any CPU
		{779F5D7F-A178-4D01-984A-5AA0C26956C6}.Debug|Any CPU.ActiveCfg = Debug|Any CPU
		{779F5D7F-A178-4D01-984A-5AA0C26956C6}.Debug|Any CPU.Build.0 = Debug|Any CPU
		{779F5D7F-A178-4D01-984A-5AA0C26956C6}.Release|Any CPU.ActiveCfg = Release|Any CPU
		{779F5D7F-A178-4D01-984A-5AA0C26956C6}.Release|Any CPU.Build.0 = Release|Any CPU
		{5A361E27-E0C3-4C67-8EDC-3607FAB1EDCF}.Debug|Any CPU.ActiveCfg = Debug|Any CPU
		{5A361E27-E0C3-4C67-8EDC-3607FAB1EDCF}.Debug|Any CPU.Build.0 = Debug|Any CPU
		{5A361E27-E0C3-4C67-8EDC-3607FAB1EDCF}.Release|Any CPU.ActiveCfg = Release|Any CPU
		{5A361E27-E0C3-4C67-8EDC-3607FAB1EDCF}.Release|Any CPU.Build.0 = Release|Any CPU
	EndGlobalSection
	GlobalSection(SolutionProperties) = preSolution
		HideSolutionNode = FALSE
	EndGlobalSection
	GlobalSection(NestedProjects) = preSolution
		{73746894-3918-482C-A4FB-6743018C77D1} = {6A4E3A91-8F90-4BBB-9FE9-B81A96A614CB}
		{C2B0CF24-7E6D-460F-A208-42DEA330ED2B} = {6A4E3A91-8F90-4BBB-9FE9-B81A96A614CB}
		{C446F9E6-CB37-4273-BBB1-D1565E5A6490} = {6A4E3A91-8F90-4BBB-9FE9-B81A96A614CB}
		{D2963887-8F45-49AC-8523-E571C11BB131} = {9867CDE2-3F4B-4C25-9208-31733774F203}
		{D75EB816-72F3-4EE7-8332-C7F451E6A618} = {9867CDE2-3F4B-4C25-9208-31733774F203}
		{ACF77019-951C-4A6E-AF59-E29312E67F36} = {336D3420-CFF1-4E23-B761-979120E58A02}
		{A7B28FFA-8B12-414F-A3F3-17A001935A8F} = {73746894-3918-482C-A4FB-6743018C77D1}
		{1354B638-DAA9-4C41-BD45-6A9E857560B9} = {C2B0CF24-7E6D-460F-A208-42DEA330ED2B}
		{D0A809A1-E19D-4666-BFB3-CA5AF68C21F0} = {C446F9E6-CB37-4273-BBB1-D1565E5A6490}
		{4A2EC74F-67B4-45E7-BD28-596F750E4BD7} = {28558F88-77A5-4594-B679-70FCBA255448}
		{23FC7FB5-1345-477D-81FA-AF87B1CD8E28} = {4A2EC74F-67B4-45E7-BD28-596F750E4BD7}
		{D6C713AD-B1B9-4A87-9E35-89C1424DBD6A} = {735169E6-FFD0-4E99-96A8-03E52EF93E7A}
		{D740FEE2-EC9D-4975-86EA-9B1DDC458DF4} = {D6C713AD-B1B9-4A87-9E35-89C1424DBD6A}
		{F5A9D054-509A-45F1-95F6-B021295DCA83} = {AB2E64C3-1A89-4179-9521-D1C6A2AAD44C}
		{5A361E27-E0C3-4C67-8EDC-3607FAB1EDCF} = {AB2E64C3-1A89-4179-9521-D1C6A2AAD44C}
		{11902777-5DCB-4A90-883A-EB06590E4356} = {F5A9D054-509A-45F1-95F6-B021295DCA83}
		{38C50F45-AA77-4986-AB31-E5C332A9469A} = {F5A9D054-509A-45F1-95F6-B021295DCA83}
		{9400AE1C-0AAB-4849-8C1F-679AA3F81434} = {F5A9D054-509A-45F1-95F6-B021295DCA83}
		{BF3FC6BD-B195-4868-979E-A1957279A97D} = {5E9BD492-2D52-41AA-A652-943DF4935494}
		{C65442E1-FFFC-44D7-AADF-1C4F89E96560} = {D2963887-8F45-49AC-8523-E571C11BB131}
		{71F8E7F4-1FED-4C9B-AF22-42CF851608C6} = {D75EB816-72F3-4EE7-8332-C7F451E6A618}
		{779F5D7F-A178-4D01-984A-5AA0C26956C6} = {ACF77019-951C-4A6E-AF59-E29312E67F36}
	EndGlobalSection
EndGlobal
